
Microsoft Visual Studio Solution File, Format Version 12.00
# Visual Studio Version 17
VisualStudioVersion = 17.1.31911.260
MinimumVisualStudioVersion = 10.0.40219.1
Project("{9A19103F-16F7-4668-BE54-9A1E7A4F7556}") = "thot", "thot\thot.csproj", "{CF3E66BA-4DB5-4EB6-8A48-0F6D30A50E33}"
EndProject
Project("{9A19103F-16F7-4668-BE54-9A1E7A4F7556}") = "Thot_Librery", "Thot_Librery\Thot_Librery.csproj", "{92FBD9EE-A703-4928-8906-3011C91EFD52}"
EndProject
Project("{9A19103F-16F7-4668-BE54-9A1E7A4F7556}") = "WindowsFormsApp1", "WindowsFormsApp1\WindowsFormsApp1.csproj", "{4C6DD0E7-AC40-47D7-9734-48AA7FB4F84D}"
EndProject
Project("{2150E333-8FDC-42A3-9474-1A3956D46DE8}") = "Info", "Info", "{B37D593D-D033-49DB-9A76-ECAC2177C505}"
	ProjectSection(SolutionItems) = preProject
		Info\tecnica 3.txt = Info\tecnica 3.txt
	EndProjectSection
EndProject
Global
	GlobalSection(SolutionConfigurationPlatforms) = preSolution
		Debug|Any CPU = Debug|Any CPU
		Release|Any CPU = Release|Any CPU
	EndGlobalSection
	GlobalSection(ProjectConfigurationPlatforms) = postSolution
		{CF3E66BA-4DB5-4EB6-8A48-0F6D30A50E33}.Debug|Any CPU.ActiveCfg = Debug|Any CPU
		{CF3E66BA-4DB5-4EB6-8A48-0F6D30A50E33}.Debug|Any CPU.Build.0 = Debug|Any CPU
		{CF3E66BA-4DB5-4EB6-8A48-0F6D30A50E33}.Release|Any CPU.ActiveCfg = Release|Any CPU
		{CF3E66BA-4DB5-4EB6-8A48-0F6D30A50E33}.Release|Any CPU.Build.0 = Release|Any CPU
		{92FBD9EE-A703-4928-8906-3011C91EFD52}.Debug|Any CPU.ActiveCfg = Debug|Any CPU
		{92FBD9EE-A703-4928-8906-3011C91EFD52}.Debug|Any CPU.Build.0 = Debug|Any CPU
		{92FBD9EE-A703-4928-8906-3011C91EFD52}.Release|Any CPU.ActiveCfg = Release|Any CPU
		{92FBD9EE-A703-4928-8906-3011C91EFD52}.Release|Any CPU.Build.0 = Release|Any CPU
		{4C6DD0E7-AC40-47D7-9734-48AA7FB4F84D}.Debug|Any CPU.ActiveCfg = Debug|Any CPU
		{4C6DD0E7-AC40-47D7-9734-48AA7FB4F84D}.Debug|Any CPU.Build.0 = Debug|Any CPU
		{4C6DD0E7-AC40-47D7-9734-48AA7FB4F84D}.Release|Any CPU.ActiveCfg = Release|Any CPU
		{4C6DD0E7-AC40-47D7-9734-48AA7FB4F84D}.Release|Any CPU.Build.0 = Release|Any CPU
	EndGlobalSection
	GlobalSection(SolutionProperties) = preSolution
		HideSolutionNode = FALSE
	EndGlobalSection
	GlobalSection(ExtensibilityGlobals) = postSolution
		SolutionGuid = {0FE992DC-E6D9-4BAB-9B0E-BA7B238221E8}
	EndGlobalSection
EndGlobal
